
Microsoft Visual Studio Solution File, Format Version 12.00
# Visual Studio 15
VisualStudioVersion = 15.0.28307.779
MinimumVisualStudioVersion = 10.0.40219.1
Project("{FAE04EC0-301F-11D3-BF4B-00C04F79EFBC}") = "FontAndColor", "FontAndColor\FontAndColor.csproj", "{EAA59B95-B884-43DF-AAE6-6639F1C779EA}"
EndProject
Global
	GlobalSection(SolutionConfigurationPlatforms) = preSolution
		Debug|Any CPU = Debug|Any CPU
		Release|Any CPU = Release|Any CPU
	EndGlobalSection
	GlobalSection(ProjectConfigurationPlatforms) = postSolution
		{EAA59B95-B884-43DF-AAE6-6639F1C779EA}.Debug|Any CPU.ActiveCfg = Debug|Any CPU
		{EAA59B95-B884-43DF-AAE6-6639F1C779EA}.Debug|Any CPU.Build.0 = Debug|Any CPU
		{EAA59B95-B884-43DF-AAE6-6639F1C779EA}.Release|Any CPU.ActiveCfg = Release|Any CPU
		{EAA59B95-B884-43DF-AAE6-6639F1C779EA}.Release|Any CPU.Build.0 = Release|Any CPU
	EndGlobalSection
	GlobalSection(SolutionProperties) = preSolution
		HideSolutionNode = FALSE
	EndGlobalSection
	GlobalSection(ExtensibilityGlobals) = postSolution
		SolutionGuid = {9003539A-2BFA-40F3-BDBE-3406D141DA36}
	EndGlobalSection
EndGlobal
